
Microsoft Visual Studio Solution File, Format Version 12.00
# Visual Studio Version 16
VisualStudioVersion = 16.0.31313.79
MinimumVisualStudioVersion = 10.0.40219.1
Project("{FAE04EC0-301F-11D3-BF4B-00C04F79EFBC}") = "Student.Dynamics.App.Desktop", "Student.Dynamics\Student.Dynamics.App.Desktop.csproj", "{397CF405-4344-4E45-9E9F-8C6864053D58}"
EndProject
Project("{FAE04EC0-301F-11D3-BF4B-00C04F79EFBC}") = "Sd.Module.Abstract", "..\Modules\Sd.Module.Abstract\Sd.Module.Abstract.csproj", "{6515DDF5-B1D1-4B62-A492-691F9AC41940}"
EndProject
Project("{FAE04EC0-301F-11D3-BF4B-00C04F79EFBC}") = "Sd.Module.Shared", "..\Modules\Sd.Module.Shared\Sd.Module.Shared.csproj", "{0F06475F-8218-40F0-81B1-FF872E09FDDD}"
EndProject
Project("{FAE04EC0-301F-11D3-BF4B-00C04F79EFBC}") = "Sd.Module.IAM", "..\Modules\Sd.Module.IAM\Sd.Module.IAM.csproj", "{E9B41346-CB56-4BAA-A3E9-AB6773CCF285}"
EndProject
Project("{2150E333-8FDC-42A3-9474-1A3956D46DE8}") = "Modules", "Modules", "{D81E9F0A-A7E3-46C6-979C-0ACBF10346A4}"
EndProject
Project("{2150E333-8FDC-42A3-9474-1A3956D46DE8}") = "Abstract", "Abstract", "{546CAE54-25DA-49A4-B255-0B8B89352E1D}"
EndProject
Project("{FAE04EC0-301F-11D3-BF4B-00C04F79EFBC}") = "Sd.Module.Preferences", "..\Modules\Sd.Module.Preferences\Sd.Module.Preferences.csproj", "{54ADA83D-62D2-416F-8D27-6D9E862E2820}"
EndProject
Project("{FAE04EC0-301F-11D3-BF4B-00C04F79EFBC}") = "Sd.Module.Hr", "Sd.Module.Hr\Sd.Module.Hr.csproj", "{C9D26ADF-CCB4-4FCA-998D-8D61AFD631D2}"
EndProject
Project("{FAE04EC0-301F-11D3-BF4B-00C04F79EFBC}") = "Sd.Module.Student", "..\Modules\Sd.Module.Student\Sd.Module.Student.csproj", "{74FA1FC9-4B26-47DD-84B3-A719E7D5D352}"
EndProject
Project("{FAE04EC0-301F-11D3-BF4B-00C04F79EFBC}") = "Sd.Module.Integration.FireBase", "..\Modules\Sd.Module.Integration.FireBase\Sd.Module.Integration.FireBase.csproj", "{1973F858-9AEC-4266-98A7-5298F36A3A32}"
EndProject
Project("{FAE04EC0-301F-11D3-BF4B-00C04F79EFBC}") = "Sd.Module.Integration.SendGrid", "..\Modules\Sd.Module.Integration.SendGrid\Sd.Module.Integration.SendGrid.csproj", "{D7766553-07CB-46E2-9EC8-7057B03DFB8E}"
EndProject
Project("{FAE04EC0-301F-11D3-BF4B-00C04F79EFBC}") = "Sd.Module.Manager.Updates", "..\Modules\Sd.Module.Manager.Updates\Sd.Module.Manager.Updates.csproj", "{81AA80DC-63F4-466B-B4E5-832295D4976D}"
EndProject
Project("{FAE04EC0-301F-11D3-BF4B-00C04F79EFBC}") = "Sd.Module.Manager.Crash", "..\Modules\Sd.Module.Manager.Crash\Sd.Module.Manager.Crash.csproj", "{B47D48C1-4B3F-4FE5-A188-4B3D08ED1427}"
EndProject
Project("{2150E333-8FDC-42A3-9474-1A3956D46DE8}") = "Managers", "Managers", "{F7CB4829-3F6D-44C8-BC20-45A073FF41A5}"
EndProject
Project("{2150E333-8FDC-42A3-9474-1A3956D46DE8}") = "Integrations", "Integrations", "{C601B5B3-1F9D-4911-AB04-A7D682E2AE36}"
EndProject
Project("{FAE04EC0-301F-11D3-BF4B-00C04F79EFBC}") = "Sd.Module.Academics", "..\Modules\Sd.Module.Academics\Sd.Module.Academics.csproj", "{AD881731-061D-438E-AAB2-C5AA45CAA3D7}"
EndProject
Project("{FAE04EC0-301F-11D3-BF4B-00C04F79EFBC}") = "Sd.Module.Assessment", "..\Modules\Sd.Module.Assessment\Sd.Module.Assessment.csproj", "{B29EC6B7-1458-48E1-B13B-C2CF77CF4EC2}"
EndProject
Project("{FAE04EC0-301F-11D3-BF4B-00C04F79EFBC}") = "Sd.Module.Canteen", "..\Modules\Sd.Module.Canteen\Sd.Module.Canteen.csproj", "{D085EAE8-B97A-4F15-A771-5E55AC60899A}"
EndProject
Project("{FAE04EC0-301F-11D3-BF4B-00C04F79EFBC}") = "Sd.Module.Examination", "..\Modules\Sd.Module.Examination\Sd.Module.Examination.csproj", "{56DD609A-EC9C-4877-BB64-4C764D6A9263}"
EndProject
Project("{FAE04EC0-301F-11D3-BF4B-00C04F79EFBC}") = "Sd.Module.Financial", "..\Modules\Sd.Module.Financial\Sd.Module.Financial.csproj", "{23FCCBD1-BC63-4E4B-8BD4-B09B6D7A13EC}"
EndProject
Project("{FAE04EC0-301F-11D3-BF4B-00C04F79EFBC}") = "Sd.Module.LessonPlanner", "..\Modules\Sd.Module.LessonPlanner\Sd.Module.LessonPlanner.csproj", "{7DF89B2C-16D1-43D0-BC4A-D318D8DC1155}"
EndProject
Project("{FAE04EC0-301F-11D3-BF4B-00C04F79EFBC}") = "Sd.Module.Library", "..\Modules\Sd.Module.Library\Sd.Module.Library.csproj", "{12FFBC4A-61AA-4488-8F85-AD65D4FBD39B}"
EndProject
Project("{FAE04EC0-301F-11D3-BF4B-00C04F79EFBC}") = "Sd.Module.Subscription", "..\Modules\Sd.Module.Subscription\Sd.Module.Subscription.csproj", "{C195910D-5283-4461-923E-BC836C507AC8}"
EndProject
Global
	GlobalSection(SolutionConfigurationPlatforms) = preSolution
		Debug|Any CPU = Debug|Any CPU
		Release|Any CPU = Release|Any CPU
	EndGlobalSection
	GlobalSection(ProjectConfigurationPlatforms) = postSolution
		{397CF405-4344-4E45-9E9F-8C6864053D58}.Debug|Any CPU.ActiveCfg = Debug|Any CPU
		{397CF405-4344-4E45-9E9F-8C6864053D58}.Debug|Any CPU.Build.0 = Debug|Any CPU
		{397CF405-4344-4E45-9E9F-8C6864053D58}.Release|Any CPU.ActiveCfg = Release|Any CPU
		{397CF405-4344-4E45-9E9F-8C6864053D58}.Release|Any CPU.Build.0 = Release|Any CPU
		{6515DDF5-B1D1-4B62-A492-691F9AC41940}.Debug|Any CPU.ActiveCfg = Debug|Any CPU
		{6515DDF5-B1D1-4B62-A492-691F9AC41940}.Debug|Any CPU.Build.0 = Debug|Any CPU
		{6515DDF5-B1D1-4B62-A492-691F9AC41940}.Release|Any CPU.ActiveCfg = Release|Any CPU
		{6515DDF5-B1D1-4B62-A492-691F9AC41940}.Release|Any CPU.Build.0 = Release|Any CPU
		{0F06475F-8218-40F0-81B1-FF872E09FDDD}.Debug|Any CPU.ActiveCfg = Debug|Any CPU
		{0F06475F-8218-40F0-81B1-FF872E09FDDD}.Debug|Any CPU.Build.0 = Debug|Any CPU
		{0F06475F-8218-40F0-81B1-FF872E09FDDD}.Release|Any CPU.ActiveCfg = Release|Any CPU
		{0F06475F-8218-40F0-81B1-FF872E09FDDD}.Release|Any CPU.Build.0 = Release|Any CPU
		{E9B41346-CB56-4BAA-A3E9-AB6773CCF285}.Debug|Any CPU.ActiveCfg = Debug|Any CPU
		{E9B41346-CB56-4BAA-A3E9-AB6773CCF285}.Debug|Any CPU.Build.0 = Debug|Any CPU
		{E9B41346-CB56-4BAA-A3E9-AB6773CCF285}.Release|Any CPU.ActiveCfg = Release|Any CPU
		{E9B41346-CB56-4BAA-A3E9-AB6773CCF285}.Release|Any CPU.Build.0 = Release|Any CPU
		{54ADA83D-62D2-416F-8D27-6D9E862E2820}.Debug|Any CPU.ActiveCfg = Debug|Any CPU
		{54ADA83D-62D2-416F-8D27-6D9E862E2820}.Debug|Any CPU.Build.0 = Debug|Any CPU
		{54ADA83D-62D2-416F-8D27-6D9E862E2820}.Release|Any CPU.ActiveCfg = Release|Any CPU
		{54ADA83D-62D2-416F-8D27-6D9E862E2820}.Release|Any CPU.Build.0 = Release|Any CPU
		{C9D26ADF-CCB4-4FCA-998D-8D61AFD631D2}.Debug|Any CPU.ActiveCfg = Debug|Any CPU
		{C9D26ADF-CCB4-4FCA-998D-8D61AFD631D2}.Debug|Any CPU.Build.0 = Debug|Any CPU
		{C9D26ADF-CCB4-4FCA-998D-8D61AFD631D2}.Release|Any CPU.ActiveCfg = Release|Any CPU
		{C9D26ADF-CCB4-4FCA-998D-8D61AFD631D2}.Release|Any CPU.Build.0 = Release|Any CPU
		{74FA1FC9-4B26-47DD-84B3-A719E7D5D352}.Debug|Any CPU.ActiveCfg = Debug|Any CPU
		{74FA1FC9-4B26-47DD-84B3-A719E7D5D352}.Debug|Any CPU.Build.0 = Debug|Any CPU
		{74FA1FC9-4B26-47DD-84B3-A719E7D5D352}.Release|Any CPU.ActiveCfg = Release|Any CPU
		{74FA1FC9-4B26-47DD-84B3-A719E7D5D352}.Release|Any CPU.Build.0 = Release|Any CPU
		{1973F858-9AEC-4266-98A7-5298F36A3A32}.Debug|Any CPU.ActiveCfg = Debug|Any CPU
		{1973F858-9AEC-4266-98A7-5298F36A3A32}.Debug|Any CPU.Build.0 = Debug|Any CPU
		{1973F858-9AEC-4266-98A7-5298F36A3A32}.Release|Any CPU.ActiveCfg = Release|Any CPU
		{1973F858-9AEC-4266-98A7-5298F36A3A32}.Release|Any CPU.Build.0 = Release|Any CPU
		{D7766553-07CB-46E2-9EC8-7057B03DFB8E}.Debug|Any CPU.ActiveCfg = Debug|Any CPU
		{D7766553-07CB-46E2-9EC8-7057B03DFB8E}.Debug|Any CPU.Build.0 = Debug|Any CPU
		{D7766553-07CB-46E2-9EC8-7057B03DFB8E}.Release|Any CPU.ActiveCfg = Release|Any CPU
		{D7766553-07CB-46E2-9EC8-7057B03DFB8E}.Release|Any CPU.Build.0 = Release|Any CPU
		{81AA80DC-63F4-466B-B4E5-832295D4976D}.Debug|Any CPU.ActiveCfg = Debug|Any CPU
		{81AA80DC-63F4-466B-B4E5-832295D4976D}.Debug|Any CPU.Build.0 = Debug|Any CPU
		{81AA80DC-63F4-466B-B4E5-832295D4976D}.Release|Any CPU.ActiveCfg = Release|Any CPU
		{81AA80DC-63F4-466B-B4E5-832295D4976D}.Release|Any CPU.Build.0 = Release|Any CPU
		{B47D48C1-4B3F-4FE5-A188-4B3D08ED1427}.Debug|Any CPU.ActiveCfg = Debug|Any CPU
		{B47D48C1-4B3F-4FE5-A188-4B3D08ED1427}.Debug|Any CPU.Build.0 = Debug|Any CPU
		{B47D48C1-4B3F-4FE5-A188-4B3D08ED1427}.Release|Any CPU.ActiveCfg = Release|Any CPU
		{B47D48C1-4B3F-4FE5-A188-4B3D08ED1427}.Release|Any CPU.Build.0 = Release|Any CPU
		{AD881731-061D-438E-AAB2-C5AA45CAA3D7}.Debug|Any CPU.ActiveCfg = Debug|Any CPU
		{AD881731-061D-438E-AAB2-C5AA45CAA3D7}.Debug|Any CPU.Build.0 = Debug|Any CPU
		{AD881731-061D-438E-AAB2-C5AA45CAA3D7}.Release|Any CPU.ActiveCfg = Release|Any CPU
		{AD881731-061D-438E-AAB2-C5AA45CAA3D7}.Release|Any CPU.Build.0 = Release|Any CPU
		{B29EC6B7-1458-48E1-B13B-C2CF77CF4EC2}.Debug|Any CPU.ActiveCfg = Debug|Any CPU
		{B29EC6B7-1458-48E1-B13B-C2CF77CF4EC2}.Debug|Any CPU.Build.0 = Debug|Any CPU
		{B29EC6B7-1458-48E1-B13B-C2CF77CF4EC2}.Release|Any CPU.ActiveCfg = Release|Any CPU
		{B29EC6B7-1458-48E1-B13B-C2CF77CF4EC2}.Release|Any CPU.Build.0 = Release|Any CPU
		{D085EAE8-B97A-4F15-A771-5E55AC60899A}.Debug|Any CPU.ActiveCfg = Debug|Any CPU
		{D085EAE8-B97A-4F15-A771-5E55AC60899A}.Debug|Any CPU.Build.0 = Debug|Any CPU
		{D085EAE8-B97A-4F15-A771-5E55AC60899A}.Release|Any CPU.ActiveCfg = Release|Any CPU
		{D085EAE8-B97A-4F15-A771-5E55AC60899A}.Release|Any CPU.Build.0 = Release|Any CPU
		{56DD609A-EC9C-4877-BB64-4C764D6A9263}.Debug|Any CPU.ActiveCfg = Debug|Any CPU
		{56DD609A-EC9C-4877-BB64-4C764D6A9263}.Debug|Any CPU.Build.0 = Debug|Any CPU
		{56DD609A-EC9C-4877-BB64-4C764D6A9263}.Release|Any CPU.ActiveCfg = Release|Any CPU
		{56DD609A-EC9C-4877-BB64-4C764D6A9263}.Release|Any CPU.Build.0 = Release|Any CPU
		{23FCCBD1-BC63-4E4B-8BD4-B09B6D7A13EC}.Debug|Any CPU.ActiveCfg = Debug|Any CPU
		{23FCCBD1-BC63-4E4B-8BD4-B09B6D7A13EC}.Debug|Any CPU.Build.0 = Debug|Any CPU
		{23FCCBD1-BC63-4E4B-8BD4-B09B6D7A13EC}.Release|Any CPU.ActiveCfg = Release|Any CPU
		{23FCCBD1-BC63-4E4B-8BD4-B09B6D7A13EC}.Release|Any CPU.Build.0 = Release|Any CPU
		{7DF89B2C-16D1-43D0-BC4A-D318D8DC1155}.Debug|Any CPU.ActiveCfg = Debug|Any CPU
		{7DF89B2C-16D1-43D0-BC4A-D318D8DC1155}.Debug|Any CPU.Build.0 = Debug|Any CPU
		{7DF89B2C-16D1-43D0-BC4A-D318D8DC1155}.Release|Any CPU.ActiveCfg = Release|Any CPU
		{7DF89B2C-16D1-43D0-BC4A-D318D8DC1155}.Release|Any CPU.Build.0 = Release|Any CPU
		{12FFBC4A-61AA-4488-8F85-AD65D4FBD39B}.Debug|Any CPU.ActiveCfg = Debug|Any CPU
		{12FFBC4A-61AA-4488-8F85-AD65D4FBD39B}.Debug|Any CPU.Build.0 = Debug|Any CPU
		{12FFBC4A-61AA-4488-8F85-AD65D4FBD39B}.Release|Any CPU.ActiveCfg = Release|Any CPU
		{12FFBC4A-61AA-4488-8F85-AD65D4FBD39B}.Release|Any CPU.Build.0 = Release|Any CPU
		{C195910D-5283-4461-923E-BC836C507AC8}.Debug|Any CPU.ActiveCfg = Debug|Any CPU
		{C195910D-5283-4461-923E-BC836C507AC8}.Debug|Any CPU.Build.0 = Debug|Any CPU
		{C195910D-5283-4461-923E-BC836C507AC8}.Release|Any CPU.ActiveCfg = Release|Any CPU
		{C195910D-5283-4461-923E-BC836C507AC8}.Release|Any CPU.Build.0 = Release|Any CPU
	EndGlobalSection
	GlobalSection(SolutionProperties) = preSolution
		HideSolutionNode = FALSE
	EndGlobalSection
	GlobalSection(NestedProjects) = preSolution
		{6515DDF5-B1D1-4B62-A492-691F9AC41940} = {546CAE54-25DA-49A4-B255-0B8B89352E1D}
		{0F06475F-8218-40F0-81B1-FF872E09FDDD} = {546CAE54-25DA-49A4-B255-0B8B89352E1D}
		{E9B41346-CB56-4BAA-A3E9-AB6773CCF285} = {D81E9F0A-A7E3-46C6-979C-0ACBF10346A4}
		{546CAE54-25DA-49A4-B255-0B8B89352E1D} = {D81E9F0A-A7E3-46C6-979C-0ACBF10346A4}
		{54ADA83D-62D2-416F-8D27-6D9E862E2820} = {D81E9F0A-A7E3-46C6-979C-0ACBF10346A4}
		{C9D26ADF-CCB4-4FCA-998D-8D61AFD631D2} = {D81E9F0A-A7E3-46C6-979C-0ACBF10346A4}
		{74FA1FC9-4B26-47DD-84B3-A719E7D5D352} = {D81E9F0A-A7E3-46C6-979C-0ACBF10346A4}
		{1973F858-9AEC-4266-98A7-5298F36A3A32} = {C601B5B3-1F9D-4911-AB04-A7D682E2AE36}
		{D7766553-07CB-46E2-9EC8-7057B03DFB8E} = {C601B5B3-1F9D-4911-AB04-A7D682E2AE36}
		{81AA80DC-63F4-466B-B4E5-832295D4976D} = {F7CB4829-3F6D-44C8-BC20-45A073FF41A5}
		{B47D48C1-4B3F-4FE5-A188-4B3D08ED1427} = {F7CB4829-3F6D-44C8-BC20-45A073FF41A5}
		{F7CB4829-3F6D-44C8-BC20-45A073FF41A5} = {D81E9F0A-A7E3-46C6-979C-0ACBF10346A4}
		{C601B5B3-1F9D-4911-AB04-A7D682E2AE36} = {D81E9F0A-A7E3-46C6-979C-0ACBF10346A4}
		{AD881731-061D-438E-AAB2-C5AA45CAA3D7} = {D81E9F0A-A7E3-46C6-979C-0ACBF10346A4}
		{B29EC6B7-1458-48E1-B13B-C2CF77CF4EC2} = {D81E9F0A-A7E3-46C6-979C-0ACBF10346A4}
		{D085EAE8-B97A-4F15-A771-5E55AC60899A} = {D81E9F0A-A7E3-46C6-979C-0ACBF10346A4}
		{56DD609A-EC9C-4877-BB64-4C764D6A9263} = {D81E9F0A-A7E3-46C6-979C-0ACBF10346A4}
		{23FCCBD1-BC63-4E4B-8BD4-B09B6D7A13EC} = {D81E9F0A-A7E3-46C6-979C-0ACBF10346A4}
		{7DF89B2C-16D1-43D0-BC4A-D318D8DC1155} = {D81E9F0A-A7E3-46C6-979C-0ACBF10346A4}
		{12FFBC4A-61AA-4488-8F85-AD65D4FBD39B} = {D81E9F0A-A7E3-46C6-979C-0ACBF10346A4}
		{C195910D-5283-4461-923E-BC836C507AC8} = {D81E9F0A-A7E3-46C6-979C-0ACBF10346A4}
	EndGlobalSection
	GlobalSection(ExtensibilityGlobals) = postSolution
		SolutionGuid = {C2C39A25-1336-4DB7-94DE-E454A2EB07D7}
	EndGlobalSection
EndGlobal
